
Microsoft Visual Studio Solution File, Format Version 12.00
# Visual Studio Version 16
VisualStudioVersion = 16.0.29020.237
MinimumVisualStudioVersion = 10.0.40219.1
Project("{FAE04EC0-301F-11D3-BF4B-00C04F79EFBC}") = "GladysServer", "GladysServer.csproj", "{EDBA2AFB-0D52-4E08-9214-35DCF6199D2D}"
EndProject
Global
	GlobalSection(SolutionConfigurationPlatforms) = preSolution
		Debug|Any CPU = Debug|Any CPU
		Release|Any CPU = Release|Any CPU
	EndGlobalSection
	GlobalSection(ProjectConfigurationPlatforms) = postSolution
		{EDBA2AFB-0D52-4E08-9214-35DCF6199D2D}.Debug|Any CPU.ActiveCfg = Debug|Any CPU
		{EDBA2AFB-0D52-4E08-9214-35DCF6199D2D}.Debug|Any CPU.Build.0 = Debug|Any CPU
		{EDBA2AFB-0D52-4E08-9214-35DCF6199D2D}.Release|Any CPU.ActiveCfg = Release|Any CPU
		{EDBA2AFB-0D52-4E08-9214-35DCF6199D2D}.Release|Any CPU.Build.0 = Release|Any CPU
	EndGlobalSection
	GlobalSection(SolutionProperties) = preSolution
		HideSolutionNode = FALSE
	EndGlobalSection
	GlobalSection(ExtensibilityGlobals) = postSolution
		SolutionGuid = {F6705293-A4BD-4001-9F94-030A38A3BF7B}
	EndGlobalSection
EndGlobal
